{
  "name": "@refraction-ui/cli",
  "version": "0.0.1",
  "lockfileVersion": 3,
  "requires": true,
  "packages": {
    "": {
      "name": "@refraction-ui/cli",
      "version": "0.0.1",
      "dependencies": {
        "diff3": "^0.0.4",
        "minimist": "^1.2.8"
      },
      "bin": {
        "refraction-upgrade": "upgrade.js"
      }
    },
    "node_modules/diff3": {
      "version": "0.0.4",
      "resolved": "https://registry.npmjs.org/diff3/-/diff3-0.0.4.tgz",
      "integrity": "sha512-f1rQ7jXDn/3i37hdwRk9ohqcvLRH3+gEIgmA6qEM280WUOh7cOr3GXV8Jm5sPwUs46Nzl48SE8YNLGJoaLuodg==",
      "license": "MIT"
    },
    "node_modules/minimist": {
      "version": "1.2.8",
      "resolved": "https://registry.npmjs.org/minimist/-/minimist-1.2.8.tgz",
      "integrity": "sha512-2yyAR8qBkN3YuheJanUpWC5U3bb5osDywNB8RzDVlDwDHbocAJveqqj1u8+SVD7jkWT4yvsHCpWqqWqAxb0zCA==",
      "license": "MIT",
      "funding": {
        "url": "https://github.com/sponsors/ljharb"
      }
    }
  }
}
